Microsoft Visual Studio Solution File, Format Version 11.00
# Visual Studio 2008

Project("{CAA247C3-4D59-28CD-8FC1-677720A62722}") = "SuperEspace", "Assembly-CSharp-firstpass.csproj", "{C606F740-9696-2058-EF91-28E07E2251E9}"
EndProject
Project("{CAA247C3-4D59-28CD-8FC1-677720A62722}") = "SuperEspace", "Assembly-CSharp.csproj", "{08A53B5E-758C-4FE7-55F4-7021BD5E5211}"
EndProject
Project("{CAA247C3-4D59-28CD-8FC1-677720A62722}") = "SuperEspace", "Assembly-CSharp-Editor-firstpass.csproj", "{E7CE9FBC-7B0C-A83C-0B3F-EB5A9E7B2682}"
EndProject
Project("{CAA247C3-4D59-28CD-8FC1-677720A62722}") = "SuperEspace", "Assembly-UnityScript-firstpass.unityproj", "{2B6CADEC-40E0-4774-021E-36609C642A86}"
EndProject
Project("{CAA247C3-4D59-28CD-8FC1-677720A62722}") = "SuperEspace", "Assembly-UnityScript.unityproj", "{1525FA96-DB68-C501-E536-8F50DC4E99D2}"
EndProject
Project("{CAA247C3-4D59-28CD-8FC1-677720A62722}") = "SuperEspace", "Assembly-UnityScript-Editor-firstpass.unityproj", "{8A626F16-8E43-32BC-6A08-C29316B181FE}"
EndProject
Global
	GlobalSection(SolutionConfigurationPlatforms) = preSolution
		Debug|Any CPU = Debug|Any CPU
		Release|Any CPU = Release|Any CPU
	EndGlobalSection
	GlobalSection(ProjectConfigurationPlatforms) = postSolution
		{C606F740-9696-2058-EF91-28E07E2251E9}.Debug|Any CPU.ActiveCfg = Debug|Any CPU
		{C606F740-9696-2058-EF91-28E07E2251E9}.Debug|Any CPU.Build.0 = Debug|Any CPU
		{C606F740-9696-2058-EF91-28E07E2251E9}.Release|Any CPU.ActiveCfg = Release|Any CPU
		{C606F740-9696-2058-EF91-28E07E2251E9}.Release|Any CPU.Build.0 = Release|Any CPU
		{08A53B5E-758C-4FE7-55F4-7021BD5E5211}.Debug|Any CPU.ActiveCfg = Debug|Any CPU
		{08A53B5E-758C-4FE7-55F4-7021BD5E5211}.Debug|Any CPU.Build.0 = Debug|Any CPU
		{08A53B5E-758C-4FE7-55F4-7021BD5E5211}.Release|Any CPU.ActiveCfg = Release|Any CPU
		{08A53B5E-758C-4FE7-55F4-7021BD5E5211}.Release|Any CPU.Build.0 = Release|Any CPU
		{E7CE9FBC-7B0C-A83C-0B3F-EB5A9E7B2682}.Debug|Any CPU.ActiveCfg = Debug|Any CPU
		{E7CE9FBC-7B0C-A83C-0B3F-EB5A9E7B2682}.Debug|Any CPU.Build.0 = Debug|Any CPU
		{E7CE9FBC-7B0C-A83C-0B3F-EB5A9E7B2682}.Release|Any CPU.ActiveCfg = Release|Any CPU
		{E7CE9FBC-7B0C-A83C-0B3F-EB5A9E7B2682}.Release|Any CPU.Build.0 = Release|Any CPU
		{2B6CADEC-40E0-4774-021E-36609C642A86}.Debug|Any CPU.ActiveCfg = Debug|Any CPU
		{2B6CADEC-40E0-4774-021E-36609C642A86}.Debug|Any CPU.Build.0 = Debug|Any CPU
		{2B6CADEC-40E0-4774-021E-36609C642A86}.Release|Any CPU.ActiveCfg = Release|Any CPU
		{2B6CADEC-40E0-4774-021E-36609C642A86}.Release|Any CPU.Build.0 = Release|Any CPU
		{1525FA96-DB68-C501-E536-8F50DC4E99D2}.Debug|Any CPU.ActiveCfg = Debug|Any CPU
		{1525FA96-DB68-C501-E536-8F50DC4E99D2}.Debug|Any CPU.Build.0 = Debug|Any CPU
		{1525FA96-DB68-C501-E536-8F50DC4E99D2}.Release|Any CPU.ActiveCfg = Release|Any CPU
		{1525FA96-DB68-C501-E536-8F50DC4E99D2}.Release|Any CPU.Build.0 = Release|Any CPU
		{8A626F16-8E43-32BC-6A08-C29316B181FE}.Debug|Any CPU.ActiveCfg = Debug|Any CPU
		{8A626F16-8E43-32BC-6A08-C29316B181FE}.Debug|Any CPU.Build.0 = Debug|Any CPU
		{8A626F16-8E43-32BC-6A08-C29316B181FE}.Release|Any CPU.ActiveCfg = Release|Any CPU
		{8A626F16-8E43-32BC-6A08-C29316B181FE}.Release|Any CPU.Build.0 = Release|Any CPU
	EndGlobalSection
	GlobalSection(SolutionProperties) = preSolution
		HideSolutionNode = FALSE
	EndGlobalSection
																																																GlobalSection(MonoDevelopProperties) = preSolution
=======
																GlobalSection(MonoDevelopProperties) = preSolution
>>>>>>> 734dc6b298baf571237903a7d3db1776717483ce
=======
											GlobalSection(MonoDevelopProperties) = preSolution
>>>>>>> 6ef387828b878fca721e2d0c8e7ad1103bb415e3
=======
		GlobalSection(MonoDevelopProperties) = preSolution
>>>>>>> 982fb08bb39096b8ab078a4eb4e34e64a7f316eb
		StartupItem = Assembly-CSharp.csproj
		Policies = $0
		$0.TextStylePolicy = $1
		$1.inheritsSet = null
		$1.scope = text/x-csharp
		$0.CSharpFormattingPolicy = $2
		$2.inheritsSet = Mono
		$2.inheritsScope = text/x-csharp
		$2.scope = text/x-csharp
		$0.TextStylePolicy = $3
		$3.FileWidth = 120
		$3.TabWidth = 4
		$3.EolMarker = Unix
		$3.inheritsSet = Mono
		$3.inheritsScope = text/plain
		$3.scope = text/plain
	EndGlobalSection

EndGlobal
