Microsoft Visual Studio Solution File, Format Version 11.00
# Visual Studio 2008

Project("{E647D062-5589-7F39-A70D-D8D4520DF677}") = "Superespace", "Assembly-CSharp-firstpass.csproj", "{A90FF153-D89B-BD5A-8C93-626C97991829}"
EndProject
Project("{E647D062-5589-7F39-A70D-D8D4520DF677}") = "Superespace", "Assembly-CSharp.csproj", "{3A55722E-772A-8DAD-1C2A-EE8FA5BBEFFB}"
EndProject
Project("{E647D062-5589-7F39-A70D-D8D4520DF677}") = "Superespace", "Assembly-CSharp-Editor-firstpass.csproj", "{0DD3767C-AB65-2570-CCAA-19917D60C499}"
EndProject
Project("{E647D062-5589-7F39-A70D-D8D4520DF677}") = "Superespace", "Assembly-UnityScript-firstpass.unityproj", "{9CCAFF89-8594-A809-93AB-DF1B5072F03F}"
EndProject
Project("{E647D062-5589-7F39-A70D-D8D4520DF677}") = "Superespace", "Assembly-UnityScript.unityproj", "{4705B06C-110C-7ADB-D031-6B6B6B4EFCD0}"
EndProject
Project("{E647D062-5589-7F39-A70D-D8D4520DF677}") = "Superespace", "Assembly-UnityScript-Editor-firstpass.unityproj", "{31293F75-CAAB-2F5E-C8F1-BDEC368DAD32}"
EndProject
Global
	GlobalSection(SolutionConfigurationPlatforms) = preSolution
		Debug|Any CPU = Debug|Any CPU
		Release|Any CPU = Release|Any CPU
	EndGlobalSection
	GlobalSection(ProjectConfigurationPlatforms) = postSolution
		{A90FF153-D89B-BD5A-8C93-626C97991829}.Debug|Any CPU.ActiveCfg = Debug|Any CPU
		{A90FF153-D89B-BD5A-8C93-626C97991829}.Debug|Any CPU.Build.0 = Debug|Any CPU
		{A90FF153-D89B-BD5A-8C93-626C97991829}.Release|Any CPU.ActiveCfg = Release|Any CPU
		{A90FF153-D89B-BD5A-8C93-626C97991829}.Release|Any CPU.Build.0 = Release|Any CPU
		{3A55722E-772A-8DAD-1C2A-EE8FA5BBEFFB}.Debug|Any CPU.ActiveCfg = Debug|Any CPU
		{3A55722E-772A-8DAD-1C2A-EE8FA5BBEFFB}.Debug|Any CPU.Build.0 = Debug|Any CPU
		{3A55722E-772A-8DAD-1C2A-EE8FA5BBEFFB}.Release|Any CPU.ActiveCfg = Release|Any CPU
		{3A55722E-772A-8DAD-1C2A-EE8FA5BBEFFB}.Release|Any CPU.Build.0 = Release|Any CPU
		{0DD3767C-AB65-2570-CCAA-19917D60C499}.Debug|Any CPU.ActiveCfg = Debug|Any CPU
		{0DD3767C-AB65-2570-CCAA-19917D60C499}.Debug|Any CPU.Build.0 = Debug|Any CPU
		{0DD3767C-AB65-2570-CCAA-19917D60C499}.Release|Any CPU.ActiveCfg = Release|Any CPU
		{0DD3767C-AB65-2570-CCAA-19917D60C499}.Release|Any CPU.Build.0 = Release|Any CPU
		{9CCAFF89-8594-A809-93AB-DF1B5072F03F}.Debug|Any CPU.ActiveCfg = Debug|Any CPU
		{9CCAFF89-8594-A809-93AB-DF1B5072F03F}.Debug|Any CPU.Build.0 = Debug|Any CPU
		{9CCAFF89-8594-A809-93AB-DF1B5072F03F}.Release|Any CPU.ActiveCfg = Release|Any CPU
		{9CCAFF89-8594-A809-93AB-DF1B5072F03F}.Release|Any CPU.Build.0 = Release|Any CPU
		{4705B06C-110C-7ADB-D031-6B6B6B4EFCD0}.Debug|Any CPU.ActiveCfg = Debug|Any CPU
		{4705B06C-110C-7ADB-D031-6B6B6B4EFCD0}.Debug|Any CPU.Build.0 = Debug|Any CPU
		{4705B06C-110C-7ADB-D031-6B6B6B4EFCD0}.Release|Any CPU.ActiveCfg = Release|Any CPU
		{4705B06C-110C-7ADB-D031-6B6B6B4EFCD0}.Release|Any CPU.Build.0 = Release|Any CPU
		{31293F75-CAAB-2F5E-C8F1-BDEC368DAD32}.Debug|Any CPU.ActiveCfg = Debug|Any CPU
		{31293F75-CAAB-2F5E-C8F1-BDEC368DAD32}.Debug|Any CPU.Build.0 = Debug|Any CPU
		{31293F75-CAAB-2F5E-C8F1-BDEC368DAD32}.Release|Any CPU.ActiveCfg = Release|Any CPU
		{31293F75-CAAB-2F5E-C8F1-BDEC368DAD32}.Release|Any CPU.Build.0 = Release|Any CPU
	EndGlobalSection
	GlobalSection(SolutionProperties) = preSolution
		HideSolutionNode = FALSE
	EndGlobalSection
																																																																																																																																																																																																																																																																																																																																																																																																															GlobalSection(MonoDevelopProperties) = preSolution
=======
																																																																																																																																																																																																																																																																																																																																																															GlobalSection(MonoDevelopProperties) = preSolution
>>>>>>> 687a180f41836f95dd2a9d6c30ecea75dbd98786
=======
																																																																																																																																																																																																																																																																																																																																																																							GlobalSection(MonoDevelopProperties) = preSolution
>>>>>>> 8f0431597403a8ba3186265a43f541e52e5e90fa
=======
																																																																																																																																																																																																																																																																																																																																																		GlobalSection(MonoDevelopProperties) = preSolution
>>>>>>> 690109e61b80759902add16e0c82d6e77124cf26
=======
																																																																																																																																																																																																																																																																																																																																								GlobalSection(MonoDevelopProperties) = preSolution
>>>>>>> 71435454ad5e9fa651f97ae230f05d9d889280bd
=======
																																																																																																																																																																																																																																																																																																																																					GlobalSection(MonoDevelopProperties) = preSolution
>>>>>>> 2e3fe6795b474b2b834fa4ebd2c61004d1cbe240
=======
																																																																																																																																																																																																																																																																																																																								GlobalSection(MonoDevelopProperties) = preSolution
=======
																																																																																																																																																																																																																																																																																																																												GlobalSection(MonoDevelopProperties) = preSolution
>>>>>>> f1c4fec889d527bd2c5196c35cbad1c25a08e041
=======
																																																																																																																																																																																																																																																																																																																																			GlobalSection(MonoDevelopProperties) = preSolution
>>>>>>> ef7bea6b8785f7ee2567d13be24e29a4376357ea
=======
<<<<<<< HEAD
																																																																																																																																																																																																																																																																																																										GlobalSection(MonoDevelopProperties) = preSolution
>>>>>>> 4f24bfeaf8faaaab6281378c6548a51695c6e4f9
=======
																																																																																																																																																																																																																																																																																																													GlobalSection(MonoDevelopProperties) = preSolution
=======
																																																																																																																																																																																																																																																																																																														GlobalSection(MonoDevelopProperties) = preSolution
>>>>>>> ea3874c5d19f10dd0b37acbea3d37cc35459a67f
>>>>>>> d6c390e46e5394943decd1490698eb264dd8ab4c
=======
																																																																																																																																																																																																																																																																																																				GlobalSection(MonoDevelopProperties) = preSolution
>>>>>>> 962cfb11018392616897b4c592f4157479d70f7b
>>>>>>> 43dcf58fd5a9ea68df2f1fdd28b11f6ebfe063ae
=======
																																																																																																																																																																																																																																																																				GlobalSection(MonoDevelopProperties) = preSolution
>>>>>>> 05c073718cdae759a5bab84298b048efb0e10a7e
=======
																																																																																																																																																																																																																																																																					GlobalSection(MonoDevelopProperties) = preSolution
>>>>>>> 26132a78098f507c2d3574798049809017f4672f
=======
																																																																																																																																																																																																																																																															GlobalSection(MonoDevelopProperties) = preSolution
>>>>>>> cf93476867ba4e3b6e438489d6fc4ad9c558c377
=======
																																																																																																																																																																																																																																																																		GlobalSection(MonoDevelopProperties) = preSolution
>>>>>>> 80e426ce8b586bc7fe8671ce9e089589e0a14c05
=======
																																																																																																																																																																																																																																																							GlobalSection(MonoDevelopProperties) = preSolution
=======
																																																																																																																																																																																																																																																				GlobalSection(MonoDevelopProperties) = preSolution
>>>>>>> 300efaf5bab569409b9559c8359156e85a2c2409
>>>>>>> ca790146c82afdc42d876cfb787be33502343053
=======
																																																																																																																																																																																																																																																			GlobalSection(MonoDevelopProperties) = preSolution
>>>>>>> a4e97525dbfd51c9b83d04205c0d8c0dd45a5804
=======
																																																																																																																																																																														GlobalSection(MonoDevelopProperties) = preSolution
>>>>>>> ba4463081130334c2034b8d6ce3f94d1ae3b8ad5
=======
																																																																																																																																																																															GlobalSection(MonoDevelopProperties) = preSolution
>>>>>>> ebb1f924c76346afe47e3144c79617a5ea81e78b
=======
																																																																																																																																																																																GlobalSection(MonoDevelopProperties) = preSolution
>>>>>>> b728d04ee7a476fa97ac1c45466854768f6cd017
=======
																																																																																																																																											GlobalSection(MonoDevelopProperties) = preSolution
>>>>>>> 5c059732861d38bf76703b2a90a307c8c5b1b54d
=======
<<<<<<< HEAD
																																																																																																																		GlobalSection(MonoDevelopProperties) = preSolution
=======
																																																																																																																					GlobalSection(MonoDevelopProperties) = preSolution
>>>>>>> 6d5253cecaf40571f2e0aaa70450b9a84d702f5d
=======
																																																																																																				GlobalSection(MonoDevelopProperties) = preSolution
>>>>>>> 8a2095a9ab3fa4d0b57f91293c92f7abdec63129
=======
																																																																																																									GlobalSection(MonoDevelopProperties) = preSolution
>>>>>>> b7951b235981e38e0f6c8712d4aa3468b968c91d
=======
<<<<<<< HEAD
																																																																																												GlobalSection(MonoDevelopProperties) = preSolution
>>>>>>> c0694a496f19a0505cff9e5b05546adbc4d30fa4
=======
																																																																																																				GlobalSection(MonoDevelopProperties) = preSolution
>>>>>>> 8d2f4ec043873afa11618a7d3d225a3979bcc578
=======
																																																																																								GlobalSection(MonoDevelopProperties) = preSolution
=======
																																																																																									GlobalSection(MonoDevelopProperties) = preSolution
>>>>>>> bfe4f918bf74b3878354caa56101b72b9c721941
=======
																																																																																											GlobalSection(MonoDevelopProperties) = preSolution
>>>>>>> 13ac8f595daa9e07f696547f595631becfd2dc43
>>>>>>> 5ee63f71549bffb3190e8e8312635f7cb0148aac
=======
																																																																																										GlobalSection(MonoDevelopProperties) = preSolution
>>>>>>> 7f74530e3b932e2d43a2f8f719468a90be033fe9
=======
																																																																																GlobalSection(MonoDevelopProperties) = preSolution
=======
																																																																																	GlobalSection(MonoDevelopProperties) = preSolution
>>>>>>> f3db752decc2ffbbfd102f0feccf9e3cd1185e0c
>>>>>>> d378b2d5de7a2dfd079b605738d3852585ffbade
=======
																																																																																			GlobalSection(MonoDevelopProperties) = preSolution
>>>>>>> ec2141bd1bc76e83fd5087d6d5f4ab4b54926aab
>>>>>>> d10889eb78ec528825fdf700ed68d623c63ab2a6
=======
																																																														GlobalSection(MonoDevelopProperties) = preSolution
>>>>>>> fc3f03a7dcf061c92608bfb59a8850cf8b8a7c1e
=======
																																																							GlobalSection(MonoDevelopProperties) = preSolution
>>>>>>> 1d27f2fc5f2c6e3ef683acafbb4621bb3edb3fb8
=======
																GlobalSection(MonoDevelopProperties) = preSolution
>>>>>>> 734dc6b298baf571237903a7d3db1776717483ce
=======
											GlobalSection(MonoDevelopProperties) = preSolution
>>>>>>> 6ef387828b878fca721e2d0c8e7ad1103bb415e3
=======
		GlobalSection(MonoDevelopProperties) = preSolution
>>>>>>> 982fb08bb39096b8ab078a4eb4e34e64a7f316eb
		StartupItem = Assembly-CSharp.csproj
		Policies = $0
		$0.TextStylePolicy = $1
		$1.inheritsSet = null
		$1.scope = text/x-csharp
		$0.CSharpFormattingPolicy = $2
		$2.inheritsSet = Mono
		$2.inheritsScope = text/x-csharp
		$2.scope = text/x-csharp
		$0.TextStylePolicy = $3
		$3.FileWidth = 120
		$3.TabWidth = 4
		$3.EolMarker = Unix
		$3.inheritsSet = Mono
		$3.inheritsScope = text/plain
		$3.scope = text/plain
	EndGlobalSection

EndGlobal
